
Microsoft Visual Studio Solution File, Format Version 12.00
# Visual Studio Version 17
VisualStudioVersion = 17.4.33205.214
MinimumVisualStudioVersion = 10.0.40219.1
Project("{9A19103F-16F7-4668-BE54-9A1E7A4F7556}") = "ToDoListU1-E1", "ToDoListU1-E1\ToDoListU1-E1.csproj", "{B0248C5E-A5CB-4597-B93C-8ACD20E2FA9E}"
EndProject
Project("{2150E333-8FDC-42A3-9474-1A3956D46DE8}") = "Unidad1", "Unidad1", "{9E8D7BB9-5A22-40A9-BB83-BFB5D57B4F78}"
EndProject
Project("{9A19103F-16F7-4668-BE54-9A1E7A4F7556}") = "PandientesApp", "PandientesApp\PandientesApp.csproj", "{C8834E2F-1BDB-4972-8432-3D9523429266}"
EndProject
Project("{FAE04EC0-301F-11D3-BF4B-00C04F79EFBC}") = "VuelosAPI", "VuelosAPI\VuelosAPI.csproj", "{F1272A22-825C-4480-BC0E-1EBD161743AB}"
EndProject
Global
	GlobalSection(SolutionConfigurationPlatforms) = preSolution
		Debug|Any CPU = Debug|Any CPU
		Release|Any CPU = Release|Any CPU
	EndGlobalSection
	GlobalSection(ProjectConfigurationPlatforms) = postSolution
		{B0248C5E-A5CB-4597-B93C-8ACD20E2FA9E}.Debug|Any CPU.ActiveCfg = Debug|Any CPU
		{B0248C5E-A5CB-4597-B93C-8ACD20E2FA9E}.Debug|Any CPU.Build.0 = Debug|Any CPU
		{B0248C5E-A5CB-4597-B93C-8ACD20E2FA9E}.Release|Any CPU.ActiveCfg = Release|Any CPU
		{B0248C5E-A5CB-4597-B93C-8ACD20E2FA9E}.Release|Any CPU.Build.0 = Release|Any CPU
		{C8834E2F-1BDB-4972-8432-3D9523429266}.Debug|Any CPU.ActiveCfg = Debug|Any CPU
		{C8834E2F-1BDB-4972-8432-3D9523429266}.Debug|Any CPU.Build.0 = Debug|Any CPU
		{C8834E2F-1BDB-4972-8432-3D9523429266}.Debug|Any CPU.Deploy.0 = Debug|Any CPU
		{C8834E2F-1BDB-4972-8432-3D9523429266}.Release|Any CPU.ActiveCfg = Release|Any CPU
		{C8834E2F-1BDB-4972-8432-3D9523429266}.Release|Any CPU.Build.0 = Release|Any CPU
		{C8834E2F-1BDB-4972-8432-3D9523429266}.Release|Any CPU.Deploy.0 = Release|Any CPU
		{F1272A22-825C-4480-BC0E-1EBD161743AB}.Debug|Any CPU.ActiveCfg = Debug|Any CPU
		{F1272A22-825C-4480-BC0E-1EBD161743AB}.Debug|Any CPU.Build.0 = Debug|Any CPU
		{F1272A22-825C-4480-BC0E-1EBD161743AB}.Release|Any CPU.ActiveCfg = Release|Any CPU
		{F1272A22-825C-4480-BC0E-1EBD161743AB}.Release|Any CPU.Build.0 = Release|Any CPU
	EndGlobalSection
	GlobalSection(SolutionProperties) = preSolution
		HideSolutionNode = FALSE
	EndGlobalSection
	GlobalSection(NestedProjects) = preSolution
		{B0248C5E-A5CB-4597-B93C-8ACD20E2FA9E} = {9E8D7BB9-5A22-40A9-BB83-BFB5D57B4F78}
		{C8834E2F-1BDB-4972-8432-3D9523429266} = {9E8D7BB9-5A22-40A9-BB83-BFB5D57B4F78}
		{F1272A22-825C-4480-BC0E-1EBD161743AB} = {9E8D7BB9-5A22-40A9-BB83-BFB5D57B4F78}
	EndGlobalSection
	GlobalSection(ExtensibilityGlobals) = postSolution
		SolutionGuid = {7B347C1B-AF6E-4301-BB7B-EBE14E6A9629}
	EndGlobalSection
EndGlobal
